
Microsoft Visual Studio Solution File, Format Version 12.00
# Visual Studio Version 16
VisualStudioVersion = 16.0.31624.102
MinimumVisualStudioVersion = 10.0.40219.1
Project("{8BC9CEB8-8B4A-11D0-8D11-00A0C91BC942}") = "lab_4.2", "lab_4.2\lab_4.2.vcxproj", "{CD668E5B-4791-4929-B152-DC36525E83AD}"
EndProject
Global
	GlobalSection(SolutionConfigurationPlatforms) = preSolution
		Debug|x64 = Debug|x64
		Debug|x86 = Debug|x86
		Release|x64 = Release|x64
		Release|x86 = Release|x86
	EndGlobalSection
	GlobalSection(ProjectConfigurationPlatforms) = postSolution
		{CD668E5B-4791-4929-B152-DC36525E83AD}.Debug|x64.ActiveCfg = Debug|x64
		{CD668E5B-4791-4929-B152-DC36525E83AD}.Debug|x64.Build.0 = Debug|x64
		{CD668E5B-4791-4929-B152-DC36525E83AD}.Debug|x86.ActiveCfg = Debug|Win32
		{CD668E5B-4791-4929-B152-DC36525E83AD}.Debug|x86.Build.0 = Debug|Win32
		{CD668E5B-4791-4929-B152-DC36525E83AD}.Release|x64.ActiveCfg = Release|x64
		{CD668E5B-4791-4929-B152-DC36525E83AD}.Release|x64.Build.0 = Release|x64
		{CD668E5B-4791-4929-B152-DC36525E83AD}.Release|x86.ActiveCfg = Release|Win32
		{CD668E5B-4791-4929-B152-DC36525E83AD}.Release|x86.Build.0 = Release|Win32
	EndGlobalSection
	GlobalSection(SolutionProperties) = preSolution
		HideSolutionNode = FALSE
	EndGlobalSection
	GlobalSection(ExtensibilityGlobals) = postSolution
		SolutionGuid = {818ADE77-929C-450F-9CE4-6FCEE76F85FC}
	EndGlobalSection
EndGlobal
